
Microsoft Visual Studio Solution File, Format Version 12.00
# Visual Studio Version 16
VisualStudioVersion = 16.0.28803.202
MinimumVisualStudioVersion = 10.0.40219.1
Project("{FAE04EC0-301F-11D3-BF4B-00C04F79EFBC}") = "MosaicArtCreator", "MosaicArtCreator\MosaicArtCreator.csproj", "{0F13E901-9017-4475-B6FC-7195F9B17495}"
EndProject
Global
	GlobalSection(SolutionConfigurationPlatforms) = preSolution
		Debug|Any CPU = Debug|Any CPU
		Release|Any CPU = Release|Any CPU
	EndGlobalSection
	GlobalSection(ProjectConfigurationPlatforms) = postSolution
		{0F13E901-9017-4475-B6FC-7195F9B17495}.Debug|Any CPU.ActiveCfg = Debug|Any CPU
		{0F13E901-9017-4475-B6FC-7195F9B17495}.Debug|Any CPU.Build.0 = Debug|Any CPU
		{0F13E901-9017-4475-B6FC-7195F9B17495}.Release|Any CPU.ActiveCfg = Release|Any CPU
		{0F13E901-9017-4475-B6FC-7195F9B17495}.Release|Any CPU.Build.0 = Release|Any CPU
	EndGlobalSection
	GlobalSection(SolutionProperties) = preSolution
		HideSolutionNode = FALSE
	EndGlobalSection
	GlobalSection(ExtensibilityGlobals) = postSolution
		SolutionGuid = {95D883FB-B995-448A-8CD2-42F330213139}
	EndGlobalSection
EndGlobal
